
Microsoft Visual Studio Solution File, Format Version 12.00
# Visual Studio 15
VisualStudioVersion = 15.0.26124.0
MinimumVisualStudioVersion = 15.0.26124.0
Project("{F2A71F9B-5D33-465A-A702-920D77279786}") = "FormsExamples", "FormsExamples\FormsExamples.fsproj", "{A73506BD-EF76-41F2-8BA7-F2030777147A}"
EndProject
Project("{F2A71F9B-5D33-465A-A702-920D77279786}") = "JavaScriptInterop", "JavaScriptInterop\JavaScriptInterop.fsproj", "{42A67502-7E12-4689-87F9-11FB42DF5CC6}"
EndProject
Project("{F2A71F9B-5D33-465A-A702-920D77279786}") = "WIG", "WIG\WIG.fsproj", "{FD61BA45-E11B-4E01-BC79-31532BEC9581}"
EndProject
Project("{F2A71F9B-5D33-465A-A702-920D77279786}") = "WIGUsage", "WIGUsage\WIGUsage.fsproj", "{0F1F8F1E-3580-4E03-B4AF-E2FD7BB232BD}"
EndProject
Global
	GlobalSection(SolutionConfigurationPlatforms) = preSolution
		Debug|Any CPU = Debug|Any CPU
		Debug|x64 = Debug|x64
		Debug|x86 = Debug|x86
		Release|Any CPU = Release|Any CPU
		Release|x64 = Release|x64
		Release|x86 = Release|x86
	EndGlobalSection
	GlobalSection(SolutionProperties) = preSolution
		HideSolutionNode = FALSE
	EndGlobalSection
	GlobalSection(ProjectConfigurationPlatforms) = postSolution
		{A73506BD-EF76-41F2-8BA7-F2030777147A}.Debug|Any CPU.ActiveCfg = Debug|Any CPU
		{A73506BD-EF76-41F2-8BA7-F2030777147A}.Debug|Any CPU.Build.0 = Debug|Any CPU
		{A73506BD-EF76-41F2-8BA7-F2030777147A}.Debug|x64.ActiveCfg = Debug|Any CPU
		{A73506BD-EF76-41F2-8BA7-F2030777147A}.Debug|x64.Build.0 = Debug|Any CPU
		{A73506BD-EF76-41F2-8BA7-F2030777147A}.Debug|x86.ActiveCfg = Debug|Any CPU
		{A73506BD-EF76-41F2-8BA7-F2030777147A}.Debug|x86.Build.0 = Debug|Any CPU
		{A73506BD-EF76-41F2-8BA7-F2030777147A}.Release|Any CPU.ActiveCfg = Release|Any CPU
		{A73506BD-EF76-41F2-8BA7-F2030777147A}.Release|Any CPU.Build.0 = Release|Any CPU
		{A73506BD-EF76-41F2-8BA7-F2030777147A}.Release|x64.ActiveCfg = Release|Any CPU
		{A73506BD-EF76-41F2-8BA7-F2030777147A}.Release|x64.Build.0 = Release|Any CPU
		{A73506BD-EF76-41F2-8BA7-F2030777147A}.Release|x86.ActiveCfg = Release|Any CPU
		{A73506BD-EF76-41F2-8BA7-F2030777147A}.Release|x86.Build.0 = Release|Any CPU
		{42A67502-7E12-4689-87F9-11FB42DF5CC6}.Debug|Any CPU.ActiveCfg = Debug|Any CPU
		{42A67502-7E12-4689-87F9-11FB42DF5CC6}.Debug|Any CPU.Build.0 = Debug|Any CPU
		{42A67502-7E12-4689-87F9-11FB42DF5CC6}.Debug|x64.ActiveCfg = Debug|Any CPU
		{42A67502-7E12-4689-87F9-11FB42DF5CC6}.Debug|x64.Build.0 = Debug|Any CPU
		{42A67502-7E12-4689-87F9-11FB42DF5CC6}.Debug|x86.ActiveCfg = Debug|Any CPU
		{42A67502-7E12-4689-87F9-11FB42DF5CC6}.Debug|x86.Build.0 = Debug|Any CPU
		{42A67502-7E12-4689-87F9-11FB42DF5CC6}.Release|Any CPU.ActiveCfg = Release|Any CPU
		{42A67502-7E12-4689-87F9-11FB42DF5CC6}.Release|Any CPU.Build.0 = Release|Any CPU
		{42A67502-7E12-4689-87F9-11FB42DF5CC6}.Release|x64.ActiveCfg = Release|Any CPU
		{42A67502-7E12-4689-87F9-11FB42DF5CC6}.Release|x64.Build.0 = Release|Any CPU
		{42A67502-7E12-4689-87F9-11FB42DF5CC6}.Release|x86.ActiveCfg = Release|Any CPU
		{42A67502-7E12-4689-87F9-11FB42DF5CC6}.Release|x86.Build.0 = Release|Any CPU
		{FD61BA45-E11B-4E01-BC79-31532BEC9581}.Debug|Any CPU.ActiveCfg = Debug|Any CPU
		{FD61BA45-E11B-4E01-BC79-31532BEC9581}.Debug|Any CPU.Build.0 = Debug|Any CPU
		{FD61BA45-E11B-4E01-BC79-31532BEC9581}.Debug|x64.ActiveCfg = Debug|Any CPU
		{FD61BA45-E11B-4E01-BC79-31532BEC9581}.Debug|x64.Build.0 = Debug|Any CPU
		{FD61BA45-E11B-4E01-BC79-31532BEC9581}.Debug|x86.ActiveCfg = Debug|Any CPU
		{FD61BA45-E11B-4E01-BC79-31532BEC9581}.Debug|x86.Build.0 = Debug|Any CPU
		{FD61BA45-E11B-4E01-BC79-31532BEC9581}.Release|Any CPU.ActiveCfg = Release|Any CPU
		{FD61BA45-E11B-4E01-BC79-31532BEC9581}.Release|Any CPU.Build.0 = Release|Any CPU
		{FD61BA45-E11B-4E01-BC79-31532BEC9581}.Release|x64.ActiveCfg = Release|Any CPU
		{FD61BA45-E11B-4E01-BC79-31532BEC9581}.Release|x64.Build.0 = Release|Any CPU
		{FD61BA45-E11B-4E01-BC79-31532BEC9581}.Release|x86.ActiveCfg = Release|Any CPU
		{FD61BA45-E11B-4E01-BC79-31532BEC9581}.Release|x86.Build.0 = Release|Any CPU
		{0F1F8F1E-3580-4E03-B4AF-E2FD7BB232BD}.Debug|Any CPU.ActiveCfg = Debug|Any CPU
		{0F1F8F1E-3580-4E03-B4AF-E2FD7BB232BD}.Debug|Any CPU.Build.0 = Debug|Any CPU
		{0F1F8F1E-3580-4E03-B4AF-E2FD7BB232BD}.Debug|x64.ActiveCfg = Debug|Any CPU
		{0F1F8F1E-3580-4E03-B4AF-E2FD7BB232BD}.Debug|x64.Build.0 = Debug|Any CPU
		{0F1F8F1E-3580-4E03-B4AF-E2FD7BB232BD}.Debug|x86.ActiveCfg = Debug|Any CPU
		{0F1F8F1E-3580-4E03-B4AF-E2FD7BB232BD}.Debug|x86.Build.0 = Debug|Any CPU
		{0F1F8F1E-3580-4E03-B4AF-E2FD7BB232BD}.Release|Any CPU.ActiveCfg = Release|Any CPU
		{0F1F8F1E-3580-4E03-B4AF-E2FD7BB232BD}.Release|Any CPU.Build.0 = Release|Any CPU
		{0F1F8F1E-3580-4E03-B4AF-E2FD7BB232BD}.Release|x64.ActiveCfg = Release|Any CPU
		{0F1F8F1E-3580-4E03-B4AF-E2FD7BB232BD}.Release|x64.Build.0 = Release|Any CPU
		{0F1F8F1E-3580-4E03-B4AF-E2FD7BB232BD}.Release|x86.ActiveCfg = Release|Any CPU
		{0F1F8F1E-3580-4E03-B4AF-E2FD7BB232BD}.Release|x86.Build.0 = Release|Any CPU
	EndGlobalSection
EndGlobal
